
Microsoft Visual Studio Solution File, Format Version 12.00
# Visual Studio 14
VisualStudioVersion = 14.0.25420.1
MinimumVisualStudioVersion = 10.0.40219.1
Project("{8BC9CEB8-8B4A-11D0-8D11-00A0C91BC942}") = "Lab1_1", "Lab1_1\Lab1_1.vcxproj", "{14B4B3CD-BB2A-4195-8289-7FAF3AB8612D}"
EndProject
Project("{8BC9CEB8-8B4A-11D0-8D11-00A0C91BC942}") = "Lab2_1", "Lab2_1\Lab2_1.vcxproj", "{ACBA579E-CB7D-4A54-A9CE-FB62B39ABE7A}"
EndProject
Project("{8BC9CEB8-8B4A-11D0-8D11-00A0C91BC942}") = "Lab4_1", "Lab4_1\Lab4_1.vcxproj", "{7B50D955-96A0-4A34-84CB-8EFFEEB9CE9A}"
EndProject
Project("{8BC9CEB8-8B4A-11D0-8D11-00A0C91BC942}") = "Lab4_2", "Lab4_2\Lab4_2.vcxproj", "{653C4184-0DE8-48B0-9777-3A997B09E895}"
EndProject
Project("{8BC9CEB8-8B4A-11D0-8D11-00A0C91BC942}") = "Lab4_3", "Lab4_3\Lab4_3.vcxproj", "{CD876D7B-7508-43CD-BB31-BC3BCC432EA0}"
EndProject
Project("{8BC9CEB8-8B4A-11D0-8D11-00A0C91BC942}") = "lab6_1", "lab6_1\lab6_1.vcxproj", "{2950C4B4-9B97-4C58-9DA8-28CAFFA25F55}"
EndProject
Project("{8BC9CEB8-8B4A-11D0-8D11-00A0C91BC942}") = "Lab6_2", "Lab6_2\Lab6_2.vcxproj", "{A111C3A3-0FE3-4205-A05B-4AC60978E73D}"
EndProject
Project("{8BC9CEB8-8B4A-11D0-8D11-00A0C91BC942}") = "Lab6_3", "Lab6_3\Lab6_3.vcxproj", "{4E6E39B2-4B3F-4F09-BC0E-8FD808F97A60}"
EndProject
Project("{8BC9CEB8-8B4A-11D0-8D11-00A0C91BC942}") = "Dodatkowe_1", "Dodatkowe_1\Dodatkowe_1.vcxproj", "{2BDF08DE-D15E-4346-8A68-897591265D24}"
EndProject
Global
	GlobalSection(SolutionConfigurationPlatforms) = preSolution
		Debug|x64 = Debug|x64
		Debug|x86 = Debug|x86
		Release|x64 = Release|x64
		Release|x86 = Release|x86
	EndGlobalSection
	GlobalSection(ProjectConfigurationPlatforms) = postSolution
		{14B4B3CD-BB2A-4195-8289-7FAF3AB8612D}.Debug|x64.ActiveCfg = Debug|x64
		{14B4B3CD-BB2A-4195-8289-7FAF3AB8612D}.Debug|x64.Build.0 = Debug|x64
		{14B4B3CD-BB2A-4195-8289-7FAF3AB8612D}.Debug|x86.ActiveCfg = Debug|Win32
		{14B4B3CD-BB2A-4195-8289-7FAF3AB8612D}.Debug|x86.Build.0 = Debug|Win32
		{14B4B3CD-BB2A-4195-8289-7FAF3AB8612D}.Release|x64.ActiveCfg = Release|x64
		{14B4B3CD-BB2A-4195-8289-7FAF3AB8612D}.Release|x64.Build.0 = Release|x64
		{14B4B3CD-BB2A-4195-8289-7FAF3AB8612D}.Release|x86.ActiveCfg = Release|Win32
		{14B4B3CD-BB2A-4195-8289-7FAF3AB8612D}.Release|x86.Build.0 = Release|Win32
		{ACBA579E-CB7D-4A54-A9CE-FB62B39ABE7A}.Debug|x64.ActiveCfg = Debug|x64
		{ACBA579E-CB7D-4A54-A9CE-FB62B39ABE7A}.Debug|x64.Build.0 = Debug|x64
		{ACBA579E-CB7D-4A54-A9CE-FB62B39ABE7A}.Debug|x86.ActiveCfg = Debug|Win32
		{ACBA579E-CB7D-4A54-A9CE-FB62B39ABE7A}.Debug|x86.Build.0 = Debug|Win32
		{ACBA579E-CB7D-4A54-A9CE-FB62B39ABE7A}.Release|x64.ActiveCfg = Release|x64
		{ACBA579E-CB7D-4A54-A9CE-FB62B39ABE7A}.Release|x64.Build.0 = Release|x64
		{ACBA579E-CB7D-4A54-A9CE-FB62B39ABE7A}.Release|x86.ActiveCfg = Release|Win32
		{ACBA579E-CB7D-4A54-A9CE-FB62B39ABE7A}.Release|x86.Build.0 = Release|Win32
		{7B50D955-96A0-4A34-84CB-8EFFEEB9CE9A}.Debug|x64.ActiveCfg = Debug|x64
		{7B50D955-96A0-4A34-84CB-8EFFEEB9CE9A}.Debug|x64.Build.0 = Debug|x64
		{7B50D955-96A0-4A34-84CB-8EFFEEB9CE9A}.Debug|x86.ActiveCfg = Debug|Win32
		{7B50D955-96A0-4A34-84CB-8EFFEEB9CE9A}.Debug|x86.Build.0 = Debug|Win32
		{7B50D955-96A0-4A34-84CB-8EFFEEB9CE9A}.Release|x64.ActiveCfg = Release|x64
		{7B50D955-96A0-4A34-84CB-8EFFEEB9CE9A}.Release|x64.Build.0 = Release|x64
		{7B50D955-96A0-4A34-84CB-8EFFEEB9CE9A}.Release|x86.ActiveCfg = Release|Win32
		{7B50D955-96A0-4A34-84CB-8EFFEEB9CE9A}.Release|x86.Build.0 = Release|Win32
		{653C4184-0DE8-48B0-9777-3A997B09E895}.Debug|x64.ActiveCfg = Debug|x64
		{653C4184-0DE8-48B0-9777-3A997B09E895}.Debug|x64.Build.0 = Debug|x64
		{653C4184-0DE8-48B0-9777-3A997B09E895}.Debug|x86.ActiveCfg = Debug|Win32
		{653C4184-0DE8-48B0-9777-3A997B09E895}.Debug|x86.Build.0 = Debug|Win32
		{653C4184-0DE8-48B0-9777-3A997B09E895}.Release|x64.ActiveCfg = Release|x64
		{653C4184-0DE8-48B0-9777-3A997B09E895}.Release|x64.Build.0 = Release|x64
		{653C4184-0DE8-48B0-9777-3A997B09E895}.Release|x86.ActiveCfg = Release|Win32
		{653C4184-0DE8-48B0-9777-3A997B09E895}.Release|x86.Build.0 = Release|Win32
		{CD876D7B-7508-43CD-BB31-BC3BCC432EA0}.Debug|x64.ActiveCfg = Debug|x64
		{CD876D7B-7508-43CD-BB31-BC3BCC432EA0}.Debug|x64.Build.0 = Debug|x64
		{CD876D7B-7508-43CD-BB31-BC3BCC432EA0}.Debug|x86.ActiveCfg = Debug|Win32
		{CD876D7B-7508-43CD-BB31-BC3BCC432EA0}.Debug|x86.Build.0 = Debug|Win32
		{CD876D7B-7508-43CD-BB31-BC3BCC432EA0}.Release|x64.ActiveCfg = Release|x64
		{CD876D7B-7508-43CD-BB31-BC3BCC432EA0}.Release|x64.Build.0 = Release|x64
		{CD876D7B-7508-43CD-BB31-BC3BCC432EA0}.Release|x86.ActiveCfg = Release|Win32
		{CD876D7B-7508-43CD-BB31-BC3BCC432EA0}.Release|x86.Build.0 = Release|Win32
		{2950C4B4-9B97-4C58-9DA8-28CAFFA25F55}.Debug|x64.ActiveCfg = Debug|x64
		{2950C4B4-9B97-4C58-9DA8-28CAFFA25F55}.Debug|x64.Build.0 = Debug|x64
		{2950C4B4-9B97-4C58-9DA8-28CAFFA25F55}.Debug|x86.ActiveCfg = Debug|Win32
		{2950C4B4-9B97-4C58-9DA8-28CAFFA25F55}.Debug|x86.Build.0 = Debug|Win32
		{2950C4B4-9B97-4C58-9DA8-28CAFFA25F55}.Release|x64.ActiveCfg = Release|x64
		{2950C4B4-9B97-4C58-9DA8-28CAFFA25F55}.Release|x64.Build.0 = Release|x64
		{2950C4B4-9B97-4C58-9DA8-28CAFFA25F55}.Release|x86.ActiveCfg = Release|Win32
		{2950C4B4-9B97-4C58-9DA8-28CAFFA25F55}.Release|x86.Build.0 = Release|Win32
		{A111C3A3-0FE3-4205-A05B-4AC60978E73D}.Debug|x64.ActiveCfg = Debug|x64
		{A111C3A3-0FE3-4205-A05B-4AC60978E73D}.Debug|x64.Build.0 = Debug|x64
		{A111C3A3-0FE3-4205-A05B-4AC60978E73D}.Debug|x86.ActiveCfg = Debug|Win32
		{A111C3A3-0FE3-4205-A05B-4AC60978E73D}.Debug|x86.Build.0 = Debug|Win32
		{A111C3A3-0FE3-4205-A05B-4AC60978E73D}.Release|x64.ActiveCfg = Release|x64
		{A111C3A3-0FE3-4205-A05B-4AC60978E73D}.Release|x64.Build.0 = Release|x64
		{A111C3A3-0FE3-4205-A05B-4AC60978E73D}.Release|x86.ActiveCfg = Release|Win32
		{A111C3A3-0FE3-4205-A05B-4AC60978E73D}.Release|x86.Build.0 = Release|Win32
		{4E6E39B2-4B3F-4F09-BC0E-8FD808F97A60}.Debug|x64.ActiveCfg = Debug|x64
		{4E6E39B2-4B3F-4F09-BC0E-8FD808F97A60}.Debug|x64.Build.0 = Debug|x64
		{4E6E39B2-4B3F-4F09-BC0E-8FD808F97A60}.Debug|x86.ActiveCfg = Debug|Win32
		{4E6E39B2-4B3F-4F09-BC0E-8FD808F97A60}.Debug|x86.Build.0 = Debug|Win32
		{4E6E39B2-4B3F-4F09-BC0E-8FD808F97A60}.Release|x64.ActiveCfg = Release|x64
		{4E6E39B2-4B3F-4F09-BC0E-8FD808F97A60}.Release|x64.Build.0 = Release|x64
		{4E6E39B2-4B3F-4F09-BC0E-8FD808F97A60}.Release|x86.ActiveCfg = Release|Win32
		{4E6E39B2-4B3F-4F09-BC0E-8FD808F97A60}.Release|x86.Build.0 = Release|Win32
		{2BDF08DE-D15E-4346-8A68-897591265D24}.Debug|x64.ActiveCfg = Debug|x64
		{2BDF08DE-D15E-4346-8A68-897591265D24}.Debug|x64.Build.0 = Debug|x64
		{2BDF08DE-D15E-4346-8A68-897591265D24}.Debug|x86.ActiveCfg = Debug|Win32
		{2BDF08DE-D15E-4346-8A68-897591265D24}.Debug|x86.Build.0 = Debug|Win32
		{2BDF08DE-D15E-4346-8A68-897591265D24}.Release|x64.ActiveCfg = Release|x64
		{2BDF08DE-D15E-4346-8A68-897591265D24}.Release|x64.Build.0 = Release|x64
		{2BDF08DE-D15E-4346-8A68-897591265D24}.Release|x86.ActiveCfg = Release|Win32
		{2BDF08DE-D15E-4346-8A68-897591265D24}.Release|x86.Build.0 = Release|Win32
	EndGlobalSection
	GlobalSection(SolutionProperties) = preSolution
		HideSolutionNode = FALSE
	EndGlobalSection
EndGlobal
